
Microsoft Visual Studio Solution File, Format Version 12.00
# Visual Studio 15
VisualStudioVersion = 15.0.27130.2027
MinimumVisualStudioVersion = 10.0.40219.1
Project("{9A19103F-16F7-4668-BE54-9A1E7A4F7556}") = "Pcm.Aws.Appsync.TemplateHelper", "scr\Pcm.Aws.Appsync.TemplateHelper.csproj", "{6DCD83E9-D30C-4402-B6FA-010D971DD168}"
EndProject
Project("{9A19103F-16F7-4668-BE54-9A1E7A4F7556}") = "Pcm.Aws.Appsync.TemplateHelper.Test", "test\Pcm.Aws.Appsync.TemplateHelper.Test\Pcm.Aws.Appsync.TemplateHelper.Test.csproj", "{125D7BD9-D860-4DCA-A64B-2219D80C56A1}"
EndProject
Global
	GlobalSection(SolutionConfigurationPlatforms) = preSolution
		Debug|Any CPU = Debug|Any CPU
		Release|Any CPU = Release|Any CPU
	EndGlobalSection
	GlobalSection(ProjectConfigurationPlatforms) = postSolution
		{6DCD83E9-D30C-4402-B6FA-010D971DD168}.Debug|Any CPU.ActiveCfg = Debug|Any CPU
		{6DCD83E9-D30C-4402-B6FA-010D971DD168}.Debug|Any CPU.Build.0 = Debug|Any CPU
		{6DCD83E9-D30C-4402-B6FA-010D971DD168}.Release|Any CPU.ActiveCfg = Release|Any CPU
		{6DCD83E9-D30C-4402-B6FA-010D971DD168}.Release|Any CPU.Build.0 = Release|Any CPU
		{125D7BD9-D860-4DCA-A64B-2219D80C56A1}.Debug|Any CPU.ActiveCfg = Debug|Any CPU
		{125D7BD9-D860-4DCA-A64B-2219D80C56A1}.Debug|Any CPU.Build.0 = Debug|Any CPU
		{125D7BD9-D860-4DCA-A64B-2219D80C56A1}.Release|Any CPU.ActiveCfg = Release|Any CPU
		{125D7BD9-D860-4DCA-A64B-2219D80C56A1}.Release|Any CPU.Build.0 = Release|Any CPU
	EndGlobalSection
	GlobalSection(SolutionProperties) = preSolution
		HideSolutionNode = FALSE
	EndGlobalSection
	GlobalSection(ExtensibilityGlobals) = postSolution
		SolutionGuid = {A1B8CF7A-5BFE-48D3-929B-2F7488CDDF79}
	EndGlobalSection
EndGlobal
